<?xml version="1.0" encoding="utf-8"?>
<Project ToolsVersion="4.0" xmlns="http://schemas.microsoft.com/developer/msbuild/2003">
  <ItemGroup>
    <Filter Include="Source Files">
      <UniqueIdentifier>{4FC737F1-C7A5-4376-A066-2A32D752A2FF}</UniqueIdentifier>
      <Extensions>cpp;c;cc;cxx;c++;cppm;ixx;def;odl;idl;hpj;bat;asm;asmx</Extensions>
    </Filter>
    <Filter Include="Header Files">
      <UniqueIdentifier>{93995380-89BD-4b04-88EB-625FBE52EBFB}</UniqueIdentifier>
      <Extensions>h;hh;hpp;hxx;h++;hm;inl;inc;ipp;xsd</Extensions>
    </Filter>
    <Filter Include="Resource Files">
      <UniqueIdentifier>{67DA6AB6-F800-4c08-8B7A-83BB121AAD01}</UniqueIdentifier>
      <Extensions>rc;ico;cur;bmp;dlg;rc2;rct;bin;rgs;gif;jpg;jpeg;jpe;resx;tiff;tif;png;wav;mfcribbon-ms</Extensions>
    </Filter>
    <Filter Include="Grammars">
      <UniqueIdentifier>{b1192598-63eb-46c8-8d81-fcd378fea640}</UniqueIdentifier>
    </Filter>
    <Filter Include="Tests">
      <UniqueIdentifier>{098e56dd-b328-434f-81b1-b34d38f453d9}</UniqueIdentifier>
    </Filter>
    <Filter Include="ErrorOutputHandler">
      <UniqueIdentifier>{6870477b-d28b-47a3-9f0a-8763afbeae3c}</UniqueIdentifier>
    </Filter>
    <Filter Include="Grammars\PythonToCpp">
      <UniqueIdentifier>{5f4d1f10-99f0-4d6d-9a44-2abb59b7d92f}</UniqueIdentifier>
    </Filter>
    <Filter Include="Header Files\PythonToCppHeaderFiles">
      <UniqueIdentifier>{b283aa6c-9757-4eaf-abb0-a03840fb109c}</UniqueIdentifier>
    </Filter>
    <Filter Include="Source Files\PythonToCppSrcFiles">
      <UniqueIdentifier>{9c86e5f2-82a6-492b-bb91-d2176b03cbbb}</UniqueIdentifier>
    </Filter>
    <Filter Include="Tests\PythonToCpp">
      <UniqueIdentifier>{9c480c33-667f-40c8-8446-19af3306adf4}</UniqueIdentifier>
    </Filter>
  </ItemGroup>
  <ItemGroup>
    <ClCompile Include="main.cpp">
      <Filter>Source Files</Filter>
    </ClCompile>
    <ClCompile Include="ErrorOutputHandler\ErrorHandler.c">
      <Filter>ErrorOutputHandler</Filter>
    </ClCompile>
    <ClCompile Include="Grammars\PyToCpp\LexAlgorithms.c">
      <Filter>Source Files\PythonToCppSrcFiles</Filter>
    </ClCompile>
    <ClCompile Include="Grammars\PyToCpp\LexAnal.flex.c">
      <Filter>Source Files\PythonToCppSrcFiles</Filter>
    </ClCompile>
    <ClCompile Include="Grammars\PyToCpp\SemanticAnal.c">
      <Filter>Source Files\PythonToCppSrcFiles</Filter>
    </ClCompile>
    <ClCompile Include="Grammars\PyToCpp\SymbolTabs.c">
      <Filter>Source Files\PythonToCppSrcFiles</Filter>
    </ClCompile>
    <ClCompile Include="Grammars\PyToCpp\SyntaxAnal.tab.c">
      <Filter>Source Files\PythonToCppSrcFiles</Filter>
    </ClCompile>
    <ClCompile Include="Grammars\PyToCpp\SyntaxAnalUtils.c">
      <Filter>Source Files\PythonToCppSrcFiles</Filter>
    </ClCompile>
  </ItemGroup>
  <ItemGroup>
    <ClInclude Include="ErrorOutputHandler\ErrorHandler.h">
      <Filter>ErrorOutputHandler</Filter>
    </ClInclude>
    <ClInclude Include="Grammars\PyToCpp\EnumsAndDefs.h">
      <Filter>Header Files\PythonToCppHeaderFiles</Filter>
    </ClInclude>
    <ClInclude Include="Grammars\PyToCpp\LexAlgorithms.h">
      <Filter>Header Files\PythonToCppHeaderFiles</Filter>
    </ClInclude>
    <ClInclude Include="Grammars\PyToCpp\SemanticAnal.h">
      <Filter>Header Files\PythonToCppHeaderFiles</Filter>
    </ClInclude>
    <ClInclude Include="Grammars\PyToCpp\SymbolTabs.h">
      <Filter>Header Files\PythonToCppHeaderFiles</Filter>
    </ClInclude>
    <ClInclude Include="Grammars\PyToCpp\SyntaxAnal.tab.h">
      <Filter>Header Files\PythonToCppHeaderFiles</Filter>
    </ClInclude>
    <ClInclude Include="Grammars\PyToCpp\SyntaxAnalUtils.h">
      <Filter>Header Files\PythonToCppHeaderFiles</Filter>
    </ClInclude>
  </ItemGroup>
  <ItemGroup>
    <Text Include="ErrorOutputHandler\ErrorOutputFile.txt">
      <Filter>ErrorOutputHandler</Filter>
    </Text>
    <Text Include="Tests\PyToCpp\test1.txt">
      <Filter>Tests\PythonToCpp</Filter>
    </Text>
  </ItemGroup>
  <ItemGroup>
    <Bison Include="Grammars\PyToCpp\SyntaxAnal.y">
      <Filter>Grammars\PythonToCpp</Filter>
    </Bison>
  </ItemGroup>
  <ItemGroup>
    <Flex Include="Grammars\PyToCpp\LexAnal.l">
      <Filter>Grammars\PythonToCpp</Filter>
    </Flex>
  </ItemGroup>
</Project>